
Microsoft Visual Studio Solution File, Format Version 12.00
# Visual Studio 2015
Project("{FAE04EC0-301F-11D3-BF4B-00C04F79EFBC}") = "TestTBS.CSharp.Plugins", "TestTBS.CSharp.Plugins.csproj", "{EF1258F2-9A72-B24B-D470-9007243E39EE}"
EndProject
Project("{FAE04EC0-301F-11D3-BF4B-00C04F79EFBC}") = "TestTBS.CSharp", "TestTBS.CSharp.csproj", "{6C7F6871-CE18-8F2D-3034-AE932BC105BD}"
EndProject
Project("{FAE04EC0-301F-11D3-BF4B-00C04F79EFBC}") = "TestTBS.CSharp.Editor", "TestTBS.CSharp.Editor.csproj", "{807CF6E7-FB98-C1D4-94D1-43E35ED62A37}"
EndProject
Global
	GlobalSection(SolutionConfigurationPlatforms) = preSolution
		Debug|Any CPU = Debug|Any CPU
		Release|Any CPU = Release|Any CPU
	EndGlobalSection
	GlobalSection(ProjectConfigurationPlatforms) = postSolution
		{EF1258F2-9A72-B24B-D470-9007243E39EE}.Debug|Any CPU.ActiveCfg = Debug|Any CPU
		{EF1258F2-9A72-B24B-D470-9007243E39EE}.Debug|Any CPU.Build.0 = Debug|Any CPU
		{EF1258F2-9A72-B24B-D470-9007243E39EE}.Release|Any CPU.ActiveCfg = Release|Any CPU
		{EF1258F2-9A72-B24B-D470-9007243E39EE}.Release|Any CPU.Build.0 = Release|Any CPU
		{6C7F6871-CE18-8F2D-3034-AE932BC105BD}.Debug|Any CPU.ActiveCfg = Debug|Any CPU
		{6C7F6871-CE18-8F2D-3034-AE932BC105BD}.Debug|Any CPU.Build.0 = Debug|Any CPU
		{6C7F6871-CE18-8F2D-3034-AE932BC105BD}.Release|Any CPU.ActiveCfg = Release|Any CPU
		{6C7F6871-CE18-8F2D-3034-AE932BC105BD}.Release|Any CPU.Build.0 = Release|Any CPU
		{807CF6E7-FB98-C1D4-94D1-43E35ED62A37}.Debug|Any CPU.ActiveCfg = Debug|Any CPU
		{807CF6E7-FB98-C1D4-94D1-43E35ED62A37}.Debug|Any CPU.Build.0 = Debug|Any CPU
		{807CF6E7-FB98-C1D4-94D1-43E35ED62A37}.Release|Any CPU.ActiveCfg = Release|Any CPU
		{807CF6E7-FB98-C1D4-94D1-43E35ED62A37}.Release|Any CPU.Build.0 = Release|Any CPU
	EndGlobalSection
	GlobalSection(SolutionProperties) = preSolution
		HideSolutionNode = FALSE
	EndGlobalSection
EndGlobal
